
Microsoft Visual Studio Solution File, Format Version 12.00
# Visual Studio Version 16
VisualStudioVersion = 16.0.31019.35
MinimumVisualStudioVersion = 10.0.40219.1
Project("{FAE04EC0-301F-11D3-BF4B-00C04F79EFBC}") = "Exercicio3", "Exercicio3\Exercicio3.csproj", "{CA324A0D-7481-431E-8791-B4CC16BAF0A5}"
EndProject
Global
	GlobalSection(SolutionConfigurationPlatforms) = preSolution
		Debug|Any CPU = Debug|Any CPU
		Release|Any CPU = Release|Any CPU
	EndGlobalSection
	GlobalSection(ProjectConfigurationPlatforms) = postSolution
		{CA324A0D-7481-431E-8791-B4CC16BAF0A5}.Debug|Any CPU.ActiveCfg = Debug|Any CPU
		{CA324A0D-7481-431E-8791-B4CC16BAF0A5}.Debug|Any CPU.Build.0 = Debug|Any CPU
		{CA324A0D-7481-431E-8791-B4CC16BAF0A5}.Release|Any CPU.ActiveCfg = Release|Any CPU
		{CA324A0D-7481-431E-8791-B4CC16BAF0A5}.Release|Any CPU.Build.0 = Release|Any CPU
	EndGlobalSection
	GlobalSection(SolutionProperties) = preSolution
		HideSolutionNode = FALSE
	EndGlobalSection
	GlobalSection(ExtensibilityGlobals) = postSolution
		SolutionGuid = {5555552F-BE6B-4ABE-A1FC-FE214CD8F97B}
	EndGlobalSection
EndGlobal
